
Microsoft Visual Studio Solution File, Format Version 12.00
# Visual Studio 2012
Project("{FAE04EC0-301F-11D3-BF4B-00C04F79EFBC}") = "StatisticsProject", "StatisticsProject\StatisticsProject.csproj", "{A2DD9A9A-9987-477F-805B-EF43442F82DE}"
EndProject
Project("{FAE04EC0-301F-11D3-BF4B-00C04F79EFBC}") = "StatisticsAnalyzer", "StatisticsAnalyzer\StatisticsAnalyzer.csproj", "{F30DC904-51C8-481D-A21B-D6193648598F}"
EndProject
Global
	GlobalSection(SolutionConfigurationPlatforms) = preSolution
		Debug|Any CPU = Debug|Any CPU
		Release|Any CPU = Release|Any CPU
	EndGlobalSection
	GlobalSection(ProjectConfigurationPlatforms) = postSolution
		{A2DD9A9A-9987-477F-805B-EF43442F82DE}.Debug|Any CPU.ActiveCfg = Debug|Any CPU
		{A2DD9A9A-9987-477F-805B-EF43442F82DE}.Debug|Any CPU.Build.0 = Debug|Any CPU
		{A2DD9A9A-9987-477F-805B-EF43442F82DE}.Release|Any CPU.ActiveCfg = Release|Any CPU
		{A2DD9A9A-9987-477F-805B-EF43442F82DE}.Release|Any CPU.Build.0 = Release|Any CPU
		{F30DC904-51C8-481D-A21B-D6193648598F}.Debug|Any CPU.ActiveCfg = Debug|Any CPU
		{F30DC904-51C8-481D-A21B-D6193648598F}.Debug|Any CPU.Build.0 = Debug|Any CPU
		{F30DC904-51C8-481D-A21B-D6193648598F}.Release|Any CPU.ActiveCfg = Release|Any CPU
		{F30DC904-51C8-481D-A21B-D6193648598F}.Release|Any CPU.Build.0 = Release|Any CPU
	EndGlobalSection
	GlobalSection(SolutionProperties) = preSolution
		HideSolutionNode = FALSE
	EndGlobalSection
EndGlobal
